// !$*UTF8*$!
{
	archiveVersion = 1;
	classes = {
	};
	objectVersion = 46;
	objects = {

/* Begin PBXBuildFile section */
		048757011D4D0C920079783B /* main.m in Sources */ = {isa = PBXBuildFile; fileRef = 048757001D4D0C920079783B /* main.m */; };
		048757041D4D0C920079783B /* AppDelegate.m in Sources */ = {isa = PBXBuildFile; fileRef = 048757031D4D0C920079783B /* AppDelegate.m */; };
		048757071D4D0C920079783B /* ViewController.m in Sources */ = {isa = PBXBuildFile; fileRef = 048757061D4D0C920079783B /* ViewController.m */; };
		0487570A1D4D0C920079783B /* Main.storyboard in Resources */ = {isa = PBXBuildFile; fileRef = 048757081D4D0C920079783B /* Main.storyboard */; };
		0487570C1D4D0C920079783B /* Assets.xcassets in Resources */ = {isa = PBXBuildFile; fileRef = 0487570B1D4D0C920079783B /* Assets.xcassets */; };
		0487570F1D4D0C920079783B /* LaunchScreen.storyboard in Resources */ = {isa = PBXBuildFile; fileRef = 0487570D1D4D0C920079783B /* LaunchScreen.storyboard */; };
		0487571A1D4D0C920079783B /* BlurTest__ZongAng_Tests.m in Sources */ = {isa = PBXBuildFile; fileRef = 048757191D4D0C920079783B /* BlurTest__ZongAng_Tests.m */; };
		048757251D4D0C920079783B /* BlurTest__ZongAng_UITests.m in Sources */ = {isa = PBXBuildFile; fileRef = 048757241D4D0C920079783B /* BlurTest__ZongAng_UITests.m */; };
		048757351D4D0CA50079783B /* UIImage+ImageEffects.m in Sources */ = {isa = PBXBuildFile; fileRef = 048757341D4D0CA50079783B /* UIImage+ImageEffects.m */; };
		048757371D4D0CE10079783B /* flower.jpeg in Resources */ = {isa = PBXBuildFile; fileRef = 048757361D4D0CE10079783B /* flower.jpeg */; };
/* End PBXBuildFile section */

/* Begin PBXContainerItemProxy section */
		048757161D4D0C920079783B /* PBXContainerItemProxy */ = {
			isa = PBXContainerItemProxy;
			containerPortal = 048756F41D4D0C920079783B /* Project object */;
			proxyType = 1;
			remoteGlobalIDString = 048756FB1D4D0C920079783B;
			remoteInfo = "BlurTest_(ZongAng)";
		};
		048757211D4D0C920079783B /* PBXContainerItemProxy */ = {
			isa = PBXContainerItemProxy;
			containerPortal = 048756F41D4D0C920079783B /* Project object */;
			proxyType = 1;
			remoteGlobalIDString = 048756FB1D4D0C920079783B;
			remoteInfo = "BlurTest_(ZongAng)";
		};
/* End PBXContainerItemProxy section */

/* Begin PBXFileReference section */
		048756FC1D4D0C920079783B /* BlurTest_(ZongAng).app */ = {isa = PBXFileReference; explicitFileType = wrapper.application; includeInIndex = 0; path = "BlurTest_(ZongAng).app"; sourceTree = BUILT_PRODUCTS_DIR; };
		048757001D4D0C920079783B /* main.m */ = {isa = PBXFileReference; lastKnownFileType = sourcecode.c.objc; path = main.m; sourceTree = "<group>"; };
		048757021D4D0C920079783B /* AppDelegate.h */ = {isa = PBXFileReference; lastKnownFileType = sourcecode.c.h; path = AppDelegate.h; sourceTree = "<group>"; };
		048757031D4D0C920079783B /* AppDelegate.m */ = {isa = PBXFileReference; lastKnownFileType = sourcecode.c.objc; path = AppDelegate.m; sourceTree = "<group>"; };
		048757051D4D0C920079783B /* ViewController.h */ = {isa = PBXFileReference; lastKnownFileType = sourcecode.c.h; path = ViewController.h; sourceTree = "<group>"; };
		048757061D4D0C920079783B /* ViewController.m */ = {isa = PBXFileReference; lastKnownFileType = sourcecode.c.objc; path = ViewController.m; sourceTree = "<group>"; };
		048757091D4D0C920079783B /* Base */ = {isa = PBXFileReference; lastKnownFileType = file.storyboard; name = Base; path = Base.lproj/Main.storyboard; sourceTree = "<group>"; };
		0487570B1D4D0C920079783B /* Assets.xcassets */ = {isa = PBXFileReference; lastKnownFileType = folder.assetcatalog; path = Assets.xcassets; sourceTree = "<group>"; };
		0487570E1D4D0C920079783B /* Base */ = {isa = PBXFileReference; lastKnownFileType = file.storyboard; name = Base; path = Base.lproj/LaunchScreen.storyboard; sourceTree = "<group>"; };
		048757101D4D0C920079783B /* Info.plist */ = {isa = PBXFileReference; lastKnownFileType = text.plist.xml; path = Info.plist; sourceTree = "<group>"; };
		048757151D4D0C920079783B /* BlurTest_(ZongAng)Tests.xctest */ = {isa = PBXFileReference; explicitFileType = wrapper.cfbundle; includeInIndex = 0; path = "BlurTest_(ZongAng)Tests.xctest"; sourceTree = BUILT_PRODUCTS_DIR; };
		048757191D4D0C920079783B /* BlurTest__ZongAng_Tests.m */ = {isa = PBXFileReference; lastKnownFileType = sourcecode.c.objc; path = BlurTest__ZongAng_Tests.m; sourceTree = "<group>"; };
		0487571B1D4D0C920079783B /* Info.plist */ = {isa = PBXFileReference; lastKnownFileType = text.plist.xml; path = Info.plist; sourceTree = "<group>"; };
		048757201D4D0C920079783B /* BlurTest_(ZongAng)UITests.xctest */ = {isa = PBXFileReference; explicitFileType = wrapper.cfbundle; includeInIndex = 0; path = "BlurTest_(ZongAng)UITests.xctest"; sourceTree = BUILT_PRODUCTS_DIR; };
		048757241D4D0C920079783B /* BlurTest__ZongAng_UITests.m */ = {isa = PBXFileReference; lastKnownFileType = sourcecode.c.objc; path = BlurTest__ZongAng_UITests.m; sourceTree = "<group>"; };
		048757261D4D0C920079783B /* Info.plist */ = {isa = PBXFileReference; lastKnownFileType = text.plist.xml; path = Info.plist; sourceTree = "<group>"; };
		048757331D4D0CA50079783B /* UIImage+ImageEffects.h */ = {isa = PBXFileReference; fileEncoding = 4; lastKnownFileType = sourcecode.c.h; path = "UIImage+ImageEffects.h"; sourceTree = "<group>"; };
		048757341D4D0CA50079783B /* UIImage+ImageEffects.m */ = {isa = PBXFileReference; fileEncoding = 4; lastKnownFileType = sourcecode.c.objc; path = "UIImage+ImageEffects.m"; sourceTree = "<group>"; };
		048757361D4D0CE10079783B /* flower.jpeg */ = {isa = PBXFileReference; lastKnownFileType = image.jpeg; name = flower.jpeg; path = "模糊效果/flower.jpeg"; sourceTree = "<group>"; };
/* End PBXFileReference section */

/* Begin PBXFrameworksBuildPhase section */
		048756F91D4D0C920079783B /* Frameworks */ = {
			isa = PBXFrameworksBuildPhase;
			buildActionMask = 2147483647;
			files = (
			);
			runOnlyForDeploymentPostprocessing = 0;
		};
		048757121D4D0C920079783B /* Frameworks */ = {
			isa = PBXFrameworksBuildPhase;
			buildActionMask = 2147483647;
			files = (
			);
			runOnlyForDeploymentPostprocessing = 0;
		};
		0487571D1D4D0C920079783B /* Frameworks */ = {
			isa = PBXFrameworksBuildPhase;
			buildActionMask = 2147483647;
			files = (
			);
			runOnlyForDeploymentPostprocessing = 0;
		};
/* End PBXFrameworksBuildPhase section */

/* Begin PBXGroup section */
		048756F31D4D0C920079783B = {
			isa = PBXGroup;
			children = (
				048756FE1D4D0C920079783B /* BlurTest_(ZongAng) */,
				048757181D4D0C920079783B /* BlurTest_(ZongAng)Tests */,
				048757231D4D0C920079783B /* BlurTest_(ZongAng)UITests */,
				048756FD1D4D0C920079783B /* Products */,
			);
			sourceTree = "<group>";
		};
		048756FD1D4D0C920079783B /* Products */ = {
			isa = PBXGroup;
			children = (
				048756FC1D4D0C920079783B /* BlurTest_(ZongAng).app */,
				048757151D4D0C920079783B /* BlurTest_(ZongAng)Tests.xctest */,
				048757201D4D0C920079783B /* BlurTest_(ZongAng)UITests.xctest */,
			);
			name = Products;
			sourceTree = "<group>";
		};
		048756FE1D4D0C920079783B /* BlurTest_(ZongAng) */ = {
			isa = PBXGroup;
			children = (
				048757321D4D0CA50079783B /* 模糊效果 */,
				048757361D4D0CE10079783B /* flower.jpeg */,
				048757021D4D0C920079783B /* AppDelegate.h */,
				048757031D4D0C920079783B /* AppDelegate.m */,
				048757051D4D0C920079783B /* ViewController.h */,
				048757061D4D0C920079783B /* ViewController.m */,
				048757081D4D0C920079783B /* Main.storyboard */,
				0487570B1D4D0C920079783B /* Assets.xcassets */,
				0487570D1D4D0C920079783B /* LaunchScreen.storyboard */,
				048757101D4D0C920079783B /* Info.plist */,
				048756FF1D4D0C920079783B /* Supporting Files */,
			);
			path = "BlurTest_(ZongAng)";
			sourceTree = "<group>";
		};
		048756FF1D4D0C920079783B /* Supporting Files */ = {
			isa = PBXGroup;
			children = (
				048757001D4D0C920079783B /* main.m */,
			);
			name = "Supporting Files";
			sourceTree = "<group>";
		};
		048757181D4D0C920079783B /* BlurTest_(ZongAng)Tests */ = {
			isa = PBXGroup;
			children = (
				048757191D4D0C920079783B /* BlurTest__ZongAng_Tests.m */,
				0487571B1D4D0C920079783B /* Info.plist */,
			);
			path = "BlurTest_(ZongAng)Tests";
			sourceTree = "<group>";
		};
		048757231D4D0C920079783B /* BlurTest_(ZongAng)UITests */ = {
			isa = PBXGroup;
			children = (
				048757241D4D0C920079783B /* BlurTest__ZongAng_UITests.m */,
				048757261D4D0C920079783B /* Info.plist */,
			);
			path = "BlurTest_(ZongAng)UITests";
			sourceTree = "<group>";
		};
		048757321D4D0CA50079783B /* 模糊效果 */ = {
			isa = PBXGroup;
			children = (
				048757331D4D0CA50079783B /* UIImage+ImageEffects.h */,
				048757341D4D0CA50079783B /* UIImage+ImageEffects.m */,
			);
			path = "模糊效果";
			sourceTree = "<group>";
		};
/* End PBXGroup section */

/* Begin PBXNativeTarget section */
		048756FB1D4D0C920079783B /* BlurTest_(ZongAng) */ = {
			isa = PBXNativeTarget;
			buildConfigurationList = 048757291D4D0C920079783B /* Build configuration list for PBXNativeTarget "BlurTest_(ZongAng)" */;
			buildPhases = (
				048756F81D4D0C920079783B /* Sources */,
				048756F91D4D0C920079783B /* Frameworks */,
				048756FA1D4D0C920079783B /* Resources */,
			);
			buildRules = (
			);
			dependencies = (
			);
			name = "BlurTest_(ZongAng)";
			productName = "BlurTest_(ZongAng)";
			productReference = 048756FC1D4D0C920079783B /* BlurTest_(ZongAng).app */;
			productType = "com.apple.product-type.application";
		};
		048757141D4D0C920079783B /* BlurTest_(ZongAng)Tests */ = {
			isa = PBXNativeTarget;
			buildConfigurationList = 0487572C1D4D0C920079783B /* Build configuration list for PBXNativeTarget "BlurTest_(ZongAng)Tests" */;
			buildPhases = (
				048757111D4D0C920079783B /* Sources */,
				048757121D4D0C920079783B /* Frameworks */,
				048757131D4D0C920079783B /* Resources */,
			);
			buildRules = (
			);
			dependencies = (
				048757171D4D0C920079783B /* PBXTargetDependency */,
			);
			name = "BlurTest_(ZongAng)Tests";
			productName = "BlurTest_(ZongAng)Tests";
			productReference = 048757151D4D0C920079783B /* BlurTest_(ZongAng)Tests.xctest */;
			productType = "com.apple.product-type.bundle.unit-test";
		};
		0487571F1D4D0C920079783B /* BlurTest_(ZongAng)UITests */ = {
			isa = PBXNativeTarget;
			buildConfigurationList = 0487572F1D4D0C920079783B /* Build configuration list for PBXNativeTarget "BlurTest_(ZongAng)UITests" */;
			buildPhases = (
				0487571C1D4D0C920079783B /* Sources */,
				0487571D1D4D0C920079783B /* Frameworks */,
				0487571E1D4D0C920079783B /* Resources */,
			);
			buildRules = (
			);
			dependencies = (
				048757221D4D0C920079783B /* PBXTargetDependency */,
			);
			name = "BlurTest_(ZongAng)UITests";
			productName = "BlurTest_(ZongAng)UITests";
			productReference = 048757201D4D0C920079783B /* BlurTest_(ZongAng)UITests.xctest */;
			productType = "com.apple.product-type.bundle.ui-testing";
		};
/* End PBXNativeTarget section */

/* Begin PBXProject section */
		048756F41D4D0C920079783B /* Project object */ = {
			isa = PBXProject;
			attributes = {
				LastUpgradeCheck = 0720;
				ORGANIZATIONNAME = "纵昂";
				TargetAttributes = {
					048756FB1D4D0C920079783B = {
						CreatedOnToolsVersion = 7.2;
					};
					048757141D4D0C920079783B = {
						CreatedOnToolsVersion = 7.2;
						TestTargetID = 048756FB1D4D0C920079783B;
					};
					0487571F1D4D0C920079783B = {
						CreatedOnToolsVersion = 7.2;
						TestTargetID = 048756FB1D4D0C920079783B;
					};
				};
			};
			buildConfigurationList = 048756F71D4D0C920079783B /* Build configuration list for PBXProject "BlurTest_(ZongAng)" */;
			compatibilityVersion = "Xcode 3.2";
			developmentRegion = English;
			hasScannedForEncodings = 0;
			knownRegions = (
				en,
				Base,
			);
			mainGroup = 048756F31D4D0C920079783B;
			productRefGroup = 048756FD1D4D0C920079783B /* Products */;
			projectDirPath = "";
			projectRoot = "";
			targets = (
				048756FB1D4D0C920079783B /* BlurTest_(ZongAng) */,
				048757141D4D0C920079783B /* BlurTest_(ZongAng)Tests */,
				0487571F1D4D0C920079783B /* BlurTest_(ZongAng)UITests */,
			);
		};
/* End PBXProject section */

/* Begin PBXResourcesBuildPhase section */
		048756FA1D4D0C920079783B /* Resources */ = {
			isa = PBXResourcesBuildPhase;
			buildActionMask = 2147483647;
			files = (
				0487570F1D4D0C920079783B /* LaunchScreen.storyboard in Resources */,
				0487570C1D4D0C920079783B /* Assets.xcassets in Resources */,
				048757371D4D0CE10079783B /* flower.jpeg in Resources */,
				0487570A1D4D0C920079783B /* Main.storyboard in Resources */,
			);
			runOnlyForDeploymentPostprocessing = 0;
		};
		048757131D4D0C920079783B /* Resources */ = {
			isa = PBXResourcesBuildPhase;
			buildActionMask = 2147483647;
			files = (
			);
			runOnlyForDeploymentPostprocessing = 0;
		};
		0487571E1D4D0C920079783B /* Resources */ = {
			isa = PBXResourcesBuildPhase;
			buildActionMask = 2147483647;
			files = (
			);
			runOnlyForDeploymentPostprocessing = 0;
		};
/* End PBXResourcesBuildPhase section */

/* Begin PBXSourcesBuildPhase section */
		048756F81D4D0C920079783B /* Sources */ = {
			isa = PBXSourcesBuildPhase;
			buildActionMask = 2147483647;
			files = (
				048757351D4D0CA50079783B /* UIImage+ImageEffects.m in Sources */,
				048757071D4D0C920079783B /* ViewController.m in Sources */,
				048757041D4D0C920079783B /* AppDelegate.m in Sources */,
				048757011D4D0C920079783B /* main.m in Sources */,
			);
			runOnlyForDeploymentPostprocessing = 0;
		};
		048757111D4D0C920079783B /* Sources */ = {
			isa = PBXSourcesBuildPhase;
			buildActionMask = 2147483647;
			files = (
				0487571A1D4D0C920079783B /* BlurTest__ZongAng_Tests.m in Sources */,
			);
			runOnlyForDeploymentPostprocessing = 0;
		};
		0487571C1D4D0C920079783B /* Sources */ = {
			isa = PBXSourcesBuildPhase;
			buildActionMask = 2147483647;
			files = (
				048757251D4D0C920079783B /* BlurTest__ZongAng_UITests.m in Sources */,
			);
			runOnlyForDeploymentPostprocessing = 0;
		};
/* End PBXSourcesBuildPhase section */

/* Begin PBXTargetDependency section */
		048757171D4D0C920079783B /* PBXTargetDependency */ = {
			isa = PBXTargetDependency;
			target = 048756FB1D4D0C920079783B /* BlurTest_(ZongAng) */;
			targetProxy = 048757161D4D0C920079783B /* PBXContainerItemProxy */;
		};
		048757221D4D0C920079783B /* PBXTargetDependency */ = {
			isa = PBXTargetDependency;
			target = 048756FB1D4D0C920079783B /* BlurTest_(ZongAng) */;
			targetProxy = 048757211D4D0C920079783B /* PBXContainerItemProxy */;
		};
/* End PBXTargetDependency section */

/* Begin PBXVariantGroup section */
		048757081D4D0C920079783B /* Main.storyboard */ = {
			isa = PBXVariantGroup;
			children = (
				048757091D4D0C920079783B /* Base */,
			);
			name = Main.storyboard;
			sourceTree = "<group>";
		};
		0487570D1D4D0C920079783B /* LaunchScreen.storyboard */ = {
			isa = PBXVariantGroup;
			children = (
				0487570E1D4D0C920079783B /* Base */,
			);
			name = LaunchScreen.storyboard;
			sourceTree = "<group>";
		};
/* End PBXVariantGroup section */

/* Begin XCBuildConfiguration section */
		048757271D4D0C920079783B /* Debug */ = {
			isa = XCBuildConfiguration;
			buildSettings = {
				ALWAYS_SEARCH_USER_PATHS = NO;
				CLANG_CXX_LANGUAGE_STANDARD = "gnu++0x";
				CLANG_CXX_LIBRARY = "libc++";
				CLANG_ENABLE_MODULES = YES;
				CLANG_ENABLE_OBJC_ARC = YES;
				CLANG_WARN_BOOL_CONVERSION = YES;
				CLANG_WARN_CONSTANT_CONVERSION = YES;
				CLANG_WARN_DIRECT_OBJC_ISA_USAGE = YES_ERROR;
				CLANG_WARN_EMPTY_BODY = YES;
				CLANG_WARN_ENUM_CONVERSION = YES;
				CLANG_WARN_INT_CONVERSION = YES;
				CLANG_WARN_OBJC_ROOT_CLASS = YES_ERROR;
				CLANG_WARN_UNREACHABLE_CODE = YES;
				CLANG_WARN__DUPLICATE_METHOD_MATCH = YES;
				"CODE_SIGN_IDENTITY[sdk=iphoneos*]" = "iPhone Developer";
				COPY_PHASE_STRIP = NO;
				DEBUG_INFORMATION_FORMAT = dwarf;
				ENABLE_STRICT_OBJC_MSGSEND = YES;
				ENABLE_TESTABILITY = YES;
				GCC_C_LANGUAGE_STANDARD = gnu99;
				GCC_DYNAMIC_NO_PIC = NO;
				GCC_NO_COMMON_BLOCKS = YES;
				GCC_OPTIMIZATION_LEVEL = 0;
				GCC_PREPROCESSOR_DEFINITIONS = (
					"DEBUG=1",
					"$(inherited)",
				);
				GCC_WARN_64_TO_32_BIT_CONVERSION = YES;
				GCC_WARN_ABOUT_RETURN_TYPE = YES_ERROR;
				GCC_WARN_UNDECLARED_SELECTOR = YES;
				GCC_WARN_UNINITIALIZED_AUTOS = YES_AGGRESSIVE;
				GCC_WARN_UNUSED_FUNCTION = YES;
				GCC_WARN_UNUSED_VARIABLE = YES;
				IPHONEOS_DEPLOYMENT_TARGET = 9.2;
				MTL_ENABLE_DEBUG_INFO = YES;
				ONLY_ACTIVE_ARCH = YES;
				SDKROOT = iphoneos;
			};
			name = Debug;
		};
		048757281D4D0C920079783B /* Release */ = {
			isa = XCBuildConfiguration;
			buildSettings = {
				ALWAYS_SEARCH_USER_PATHS = NO;
				CLANG_CXX_LANGUAGE_STANDARD = "gnu++0x";
				CLANG_CXX_LIBRARY = "libc++";
				CLANG_ENABLE_MODULES = YES;
				CLANG_ENABLE_OBJC_ARC = YES;
				CLANG_WARN_BOOL_CONVERSION = YES;
				CLANG_WARN_CONSTANT_CONVERSION = YES;
				CLANG_WARN_DIRECT_OBJC_ISA_USAGE = YES_ERROR;
				CLANG_WARN_EMPTY_BODY = YES;
				CLANG_WARN_ENUM_CONVERSION = YES;
				CLANG_WARN_INT_CONVERSION = YES;
				CLANG_WARN_OBJC_ROOT_CLASS = YES_ERROR;
				CLANG_WARN_UNREACHABLE_CODE = YES;
				CLANG_WARN__DUPLICATE_METHOD_MATCH = YES;
				"CODE_SIGN_IDENTITY[sdk=iphoneos*]" = "iPhone Developer";
				COPY_PHASE_STRIP = NO;
				DEBUG_INFORMATION_FORMAT = "dwarf-with-dsym";
				ENABLE_NS_ASSERTIONS = NO;
				ENABLE_STRICT_OBJC_MSGSEND = YES;
				GCC_C_LANGUAGE_STANDARD = gnu99;
				GCC_NO_COMMON_BLOCKS = YES;
				GCC_WARN_64_TO_32_BIT_CONVERSION = YES;
				GCC_WARN_ABOUT_RETURN_TYPE = YES_ERROR;
				GCC_WARN_UNDECLARED_SELECTOR = YES;
				GCC_WARN_UNINITIALIZED_AUTOS = YES_AGGRESSIVE;
				GCC_WARN_UNUSED_FUNCTION = YES;
				GCC_WARN_UNUSED_VARIABLE = YES;
				IPHONEOS_DEPLOYMENT_TARGET = 9.2;
				MTL_ENABLE_DEBUG_INFO = NO;
				SDKROOT = iphoneos;
				VALIDATE_PRODUCT = YES;
			};
			name = Release;
		};
		0487572A1D4D0C920079783B /* Debug */ = {
			isa = XCBuildConfiguration;
			buildSettings = {
				ASSETCATALOG_COMPILER_APPICON_NAME = AppIcon;
				INFOPLIST_FILE = "BlurTest_(ZongAng)/Info.plist";
				LD_RUNPATH_SEARCH_PATHS = "$(inherited) @executable_path/Frameworks";
				PRODUCT_BUNDLE_IDENTIFIER = "ZongAng.BlurTest--ZongAng-";
				PRODUCT_NAME = "$(TARGET_NAME)";
			};
			name = Debug;
		};
		0487572B1D4D0C920079783B /* Release */ = {
			isa = XCBuildConfiguration;
			buildSettings = {
				ASSETCATALOG_COMPILER_APPICON_NAME = AppIcon;
				INFOPLIST_FILE = "BlurTest_(ZongAng)/Info.plist";
				LD_RUNPATH_SEARCH_PATHS = "$(inherited) @executable_path/Frameworks";
				PRODUCT_BUNDLE_IDENTIFIER = "ZongAng.BlurTest--ZongAng-";
				PRODUCT_NAME = "$(TARGET_NAME)";
			};
			name = Release;
		};
		0487572D1D4D0C920079783B /* Debug */ = {
			isa = XCBuildConfiguration;
			buildSettings = {
				BUNDLE_LOADER = "$(TEST_HOST)";
				INFOPLIST_FILE = "BlurTest_(ZongAng)Tests/Info.plist";
				LD_RUNPATH_SEARCH_PATHS = "$(inherited) @executable_path/Frameworks @loader_path/Frameworks";
				PRODUCT_BUNDLE_IDENTIFIER = "ZongAng.BlurTest--ZongAng-Tests";
				PRODUCT_NAME = "$(TARGET_NAME)";
				TEST_HOST = "$(BUILT_PRODUCTS_DIR)/BlurTest_(ZongAng).app/BlurTest_(ZongAng)";
			};
			name = Debug;
		};
		0487572E1D4D0C920079783B /* Release */ = {
			isa = XCBuildConfiguration;
			buildSettings = {
				BUNDLE_LOADER = "$(TEST_HOST)";
				INFOPLIST_FILE = "BlurTest_(ZongAng)Tests/Info.plist";
				LD_RUNPATH_SEARCH_PATHS = "$(inherited) @executable_path/Frameworks @loader_path/Frameworks";
				PRODUCT_BUNDLE_IDENTIFIER = "ZongAng.BlurTest--ZongAng-Tests";
				PRODUCT_NAME = "$(TARGET_NAME)";
				TEST_HOST = "$(BUILT_PRODUCTS_DIR)/BlurTest_(ZongAng).app/BlurTest_(ZongAng)";
			};
			name = Release;
		};
		048757301D4D0C920079783B /* Debug */ = {
			isa = XCBuildConfiguration;
			buildSettings = {
				INFOPLIST_FILE = "BlurTest_(ZongAng)UITests/Info.plist";
				LD_RUNPATH_SEARCH_PATHS = "$(inherited) @executable_path/Frameworks @loader_path/Frameworks";
				PRODUCT_BUNDLE_IDENTIFIER = "ZongAng.BlurTest--ZongAng-UITests";
				PRODUCT_NAME = "$(TARGET_NAME)";
				TEST_TARGET_NAME = "BlurTest_(ZongAng)";
				USES_XCTRUNNER = YES;
			};
			name = Debug;
		};
		048757311D4D0C920079783B /* Release */ = {
			isa = XCBuildConfiguration;
			buildSettings = {
				INFOPLIST_FILE = "BlurTest_(ZongAng)UITests/Info.plist";
				LD_RUNPATH_SEARCH_PATHS = "$(inherited) @executable_path/Frameworks @loader_path/Frameworks";
				PRODUCT_BUNDLE_IDENTIFIER = "ZongAng.BlurTest--ZongAng-UITests";
				PRODUCT_NAME = "$(TARGET_NAME)";
				TEST_TARGET_NAME = "BlurTest_(ZongAng)";
				USES_XCTRUNNER = YES;
			};
			name = Release;
		};
/* End XCBuildConfiguration section */

/* Begin XCConfigurationList section */
		048756F71D4D0C920079783B /* Build configuration list for PBXProject "BlurTest_(ZongAng)" */ = {
			isa = XCConfigurationList;
			buildConfigurations = (
				048757271D4D0C920079783B /* Debug */,
				048757281D4D0C920079783B /* Release */,
			);
			defaultConfigurationIsVisible = 0;
			defaultConfigurationName = Release;
		};
		048757291D4D0C920079783B /* Build configuration list for PBXNativeTarget "BlurTest_(ZongAng)" */ = {
			isa = XCConfigurationList;
			buildConfigurations = (
				0487572A1D4D0C920079783B /* Debug */,
				0487572B1D4D0C920079783B /* Release */,
			);
			defaultConfigurationIsVisible = 0;
		};
		0487572C1D4D0C920079783B /* Build configuration list for PBXNativeTarget "BlurTest_(ZongAng)Tests" */ = {
			isa = XCConfigurationList;
			buildConfigurations = (
				0487572D1D4D0C920079783B /* Debug */,
				0487572E1D4D0C920079783B /* Release */,
			);
			defaultConfigurationIsVisible = 0;
		};
		0487572F1D4D0C920079783B /* Build configuration list for PBXNativeTarget "BlurTest_(ZongAng)UITests" */ = {
			isa = XCConfigurationList;
			buildConfigurations = (
				048757301D4D0C920079783B /* Debug */,
				048757311D4D0C920079783B /* Release */,
			);
			defaultConfigurationIsVisible = 0;
		};
/* End XCConfigurationList section */
	};
	rootObject = 048756F41D4D0C920079783B /* Project object */;
}
