<?xml version="1.0" encoding="UTF-8"?>
<Scheme
   LastUpgradeVersion = "0720"
   version = "1.3">
   <BuildAction
      parallelizeBuildables = "YES"
      buildImplicitDependencies = "YES">
      <BuildActionEntries>
         <BuildActionEntry
            buildForTesting = "YES"
            buildForRunning = "YES"
            buildForProfiling = "YES"
            buildForArchiving = "YES"
            buildForAnalyzing = "YES">
            <BuildableReference
               BuildableIdentifier = "primary"
               BlueprintIdentifier = "048756FB1D4D0C920079783B"
               BuildableName = "BlurTest_(ZongAng).app"
               BlueprintName = "BlurTest_(ZongAng)"
               ReferencedContainer = "container:BlurTest_(ZongAng).xcodeproj">
            </BuildableReference>
         </BuildActionEntry>
      </BuildActionEntries>
   </BuildAction>
   <TestAction
      buildConfiguration = "Debug"
      selectedDebuggerIdentifier = "Xcode.DebuggerFoundation.Debugger.LLDB"
      selectedLauncherIdentifier = "Xcode.DebuggerFoundation.Launcher.LLDB"
      shouldUseLaunchSchemeArgsEnv = "YES">
      <Testables>
         <TestableReference
            skipped = "NO">
            <BuildableReference
               BuildableIdentifier = "primary"
               BlueprintIdentifier = "048757141D4D0C920079783B"
               BuildableName = "BlurTest_(ZongAng)Tests.xctest"
               BlueprintName = "BlurTest_(ZongAng)Tests"
               ReferencedContainer = "container:BlurTest_(ZongAng).xcodeproj">
            </BuildableReference>
         </TestableReference>
         <TestableReference
            skipped = "NO">
            <BuildableReference
               BuildableIdentifier = "primary"
               BlueprintIdentifier = "0487571F1D4D0C920079783B"
               BuildableName = "BlurTest_(ZongAng)UITests.xctest"
               BlueprintName = "BlurTest_(ZongAng)UITests"
               ReferencedContainer = "container:BlurTest_(ZongAng).xcodeproj">
            </BuildableReference>
         </TestableReference>
      </Testables>
      <MacroExpansion>
         <BuildableReference
            BuildableIdentifier = "primary"
            BlueprintIdentifier = "048756FB1D4D0C920079783B"
            BuildableName = "BlurTest_(ZongAng).app"
            BlueprintName = "BlurTest_(ZongAng)"
            ReferencedContainer = "container:BlurTest_(ZongAng).xcodeproj">
         </BuildableReference>
      </MacroExpansion>
      <AdditionalOptions>
      </AdditionalOptions>
   </TestAction>
   <LaunchAction
      buildConfiguration = "Debug"
      selectedDebuggerIdentifier = "Xcode.DebuggerFoundation.Debugger.LLDB"
      selectedLauncherIdentifier = "Xcode.DebuggerFoundation.Launcher.LLDB"
      launchStyle = "0"
      useCustomWorkingDirectory = "NO"
      ignoresPersistentStateOnLaunch = "NO"
      debugDocumentVersioning = "YES"
      debugServiceExtension = "internal"
      allowLocationSimulation = "YES">
      <BuildableProductRunnable
         runnableDebuggingMode = "0">
         <BuildableReference
            BuildableIdentifier = "primary"
            BlueprintIdentifier = "048756FB1D4D0C920079783B"
            BuildableName = "BlurTest_(ZongAng).app"
            BlueprintName = "BlurTest_(ZongAng)"
            ReferencedContainer = "container:BlurTest_(ZongAng).xcodeproj">
         </BuildableReference>
      </BuildableProductRunnable>
      <AdditionalOptions>
      </AdditionalOptions>
   </LaunchAction>
   <ProfileAction
      buildConfiguration = "Release"
      shouldUseLaunchSchemeArgsEnv = "YES"
      savedToolIdentifier = ""
      useCustomWorkingDirectory = "NO"
      debugDocumentVersioning = "YES">
      <BuildableProductRunnable
         runnableDebuggingMode = "0">
         <BuildableReference
            BuildableIdentifier = "primary"
            BlueprintIdentifier = "048756FB1D4D0C920079783B"
            BuildableName = "BlurTest_(ZongAng).app"
            BlueprintName = "BlurTest_(ZongAng)"
            ReferencedContainer = "container:BlurTest_(ZongAng).xcodeproj">
         </BuildableReference>
      </BuildableProductRunnable>
   </ProfileAction>
   <AnalyzeAction
      buildConfiguration = "Debug">
   </AnalyzeAction>
   <ArchiveAction
      buildConfiguration = "Release"
      revealArchiveInOrganizer = "YES">
   </ArchiveAction>
</Scheme>
